
Microsoft Visual Studio Solution File, Format Version 12.00
# Visual Studio Version 16
VisualStudioVersion = 25.0.1706.1
MinimumVisualStudioVersion = 10.0.40219.1
Project("{FAE04EC0-301F-11D3-BF4B-00C04F79EFBC}") = "4RKuyp_bOhY", "4RKuyp_bOhY\4RKuyp_bOhY.csproj", "{B24EC01A-83C8-417C-A75B-405C554BDD14}"
EndProject
Global
	GlobalSection(SolutionConfigurationPlatforms) = preSolution
		Debug|Any CPU = Debug|Any CPU
		Release|Any CPU = Release|Any CPU
	EndGlobalSection
	GlobalSection(ProjectConfigurationPlatforms) = postSolution
		{B24EC01A-83C8-417C-A75B-405C554BDD14}.Debug|Any CPU.ActiveCfg = Debug|Any CPU
		{B24EC01A-83C8-417C-A75B-405C554BDD14}.Debug|Any CPU.Build.0 = Debug|Any CPU
		{B24EC01A-83C8-417C-A75B-405C554BDD14}.Release|Any CPU.ActiveCfg = Release|Any CPU
		{B24EC01A-83C8-417C-A75B-405C554BDD14}.Release|Any CPU.Build.0 = Release|Any CPU
	EndGlobalSection
	GlobalSection(SolutionProperties) = preSolution
		HideSolutionNode = FALSE
	EndGlobalSection
	GlobalSection(ExtensibilityGlobals) = postSolution
		SolutionGuid = {2C7F8E7E-8B8F-4AD9-85C4-026FE3D16594}
	EndGlobalSection
EndGlobal
